
Microsoft Visual Studio Solution File, Format Version 12.00
# Visual Studio 15
VisualStudioVersion = 15.0.28307.705
MinimumVisualStudioVersion = 10.0.40219.1
Project("{FAE04EC0-301F-11D3-BF4B-00C04F79EFBC}") = "mvcPhone", "mvcPhone\mvcPhone.csproj", "{C4ED35A5-3002-467D-9C1B-1AC1BE1F73C3}"
EndProject
Project("{FAE04EC0-301F-11D3-BF4B-00C04F79EFBC}") = "apiPhone", "apiPhone\apiPhone.csproj", "{B4B5FA0E-726F-456F-9B31-0260BA4021E4}"
EndProject
Project("{FAE04EC0-301F-11D3-BF4B-00C04F79EFBC}") = "appPhone.Android", "appPhone\appPhone.Android\appPhone.Android.csproj", "{109B7211-908A-4EA8-B106-5C86E1E427BF}"
EndProject
Project("{FAE04EC0-301F-11D3-BF4B-00C04F79EFBC}") = "appPhone.iOS", "appPhone\appPhone.iOS\appPhone.iOS.csproj", "{E16EA0ED-767B-4E3F-8B8E-2C609B77AC41}"
EndProject
Project("{9A19103F-16F7-4668-BE54-9A1E7A4F7556}") = "appPhone", "appPhone\appPhone\appPhone.csproj", "{9016F4C0-6B04-44CF-A133-363B60CBB84B}"
EndProject
Project("{FAE04EC0-301F-11D3-BF4B-00C04F79EFBC}") = "apiPhoneSecurity", "apiPhoneSecurity\apiPhoneSecurity.csproj", "{68D92E4E-69A8-412E-B554-756C3A26CAAF}"
EndProject
Global
	GlobalSection(SolutionConfigurationPlatforms) = preSolution
		Ad-Hoc|Any CPU = Ad-Hoc|Any CPU
		Ad-Hoc|iPhone = Ad-Hoc|iPhone
		Ad-Hoc|iPhoneSimulator = Ad-Hoc|iPhoneSimulator
		AppStore|Any CPU = AppStore|Any CPU
		AppStore|iPhone = AppStore|iPhone
		AppStore|iPhoneSimulator = AppStore|iPhoneSimulator
		Debug|Any CPU = Debug|Any CPU
		Debug|iPhone = Debug|iPhone
		Debug|iPhoneSimulator = Debug|iPhoneSimulator
		Release|Any CPU = Release|Any CPU
		Release|iPhone = Release|iPhone
		Release|iPhoneSimulator = Release|iPhoneSimulator
	EndGlobalSection
	GlobalSection(ProjectConfigurationPlatforms) = postSolution
		{C4ED35A5-3002-467D-9C1B-1AC1BE1F73C3}.Ad-Hoc|Any CPU.ActiveCfg = Release|Any CPU
		{C4ED35A5-3002-467D-9C1B-1AC1BE1F73C3}.Ad-Hoc|Any CPU.Build.0 = Release|Any CPU
		{C4ED35A5-3002-467D-9C1B-1AC1BE1F73C3}.Ad-Hoc|iPhone.ActiveCfg = Release|Any CPU
		{C4ED35A5-3002-467D-9C1B-1AC1BE1F73C3}.Ad-Hoc|iPhone.Build.0 = Release|Any CPU
		{C4ED35A5-3002-467D-9C1B-1AC1BE1F73C3}.Ad-Hoc|iPhoneSimulator.ActiveCfg = Release|Any CPU
		{C4ED35A5-3002-467D-9C1B-1AC1BE1F73C3}.Ad-Hoc|iPhoneSimulator.Build.0 = Release|Any CPU
		{C4ED35A5-3002-467D-9C1B-1AC1BE1F73C3}.AppStore|Any CPU.ActiveCfg = Release|Any CPU
		{C4ED35A5-3002-467D-9C1B-1AC1BE1F73C3}.AppStore|Any CPU.Build.0 = Release|Any CPU
		{C4ED35A5-3002-467D-9C1B-1AC1BE1F73C3}.AppStore|iPhone.ActiveCfg = Release|Any CPU
		{C4ED35A5-3002-467D-9C1B-1AC1BE1F73C3}.AppStore|iPhone.Build.0 = Release|Any CPU
		{C4ED35A5-3002-467D-9C1B-1AC1BE1F73C3}.AppStore|iPhoneSimulator.ActiveCfg = Release|Any CPU
		{C4ED35A5-3002-467D-9C1B-1AC1BE1F73C3}.AppStore|iPhoneSimulator.Build.0 = Release|Any CPU
		{C4ED35A5-3002-467D-9C1B-1AC1BE1F73C3}.Debug|Any CPU.ActiveCfg = Debug|Any CPU
		{C4ED35A5-3002-467D-9C1B-1AC1BE1F73C3}.Debug|Any CPU.Build.0 = Debug|Any CPU
		{C4ED35A5-3002-467D-9C1B-1AC1BE1F73C3}.Debug|iPhone.ActiveCfg = Debug|Any CPU
		{C4ED35A5-3002-467D-9C1B-1AC1BE1F73C3}.Debug|iPhone.Build.0 = Debug|Any CPU
		{C4ED35A5-3002-467D-9C1B-1AC1BE1F73C3}.Debug|iPhoneSimulator.ActiveCfg = Debug|Any CPU
		{C4ED35A5-3002-467D-9C1B-1AC1BE1F73C3}.Debug|iPhoneSimulator.Build.0 = Debug|Any CPU
		{C4ED35A5-3002-467D-9C1B-1AC1BE1F73C3}.Release|Any CPU.ActiveCfg = Release|Any CPU
		{C4ED35A5-3002-467D-9C1B-1AC1BE1F73C3}.Release|Any CPU.Build.0 = Release|Any CPU
		{C4ED35A5-3002-467D-9C1B-1AC1BE1F73C3}.Release|iPhone.ActiveCfg = Release|Any CPU
		{C4ED35A5-3002-467D-9C1B-1AC1BE1F73C3}.Release|iPhone.Build.0 = Release|Any CPU
		{C4ED35A5-3002-467D-9C1B-1AC1BE1F73C3}.Release|iPhoneSimulator.ActiveCfg = Release|Any CPU
		{C4ED35A5-3002-467D-9C1B-1AC1BE1F73C3}.Release|iPhoneSimulator.Build.0 = Release|Any CPU
		{B4B5FA0E-726F-456F-9B31-0260BA4021E4}.Ad-Hoc|Any CPU.ActiveCfg = Release|Any CPU
		{B4B5FA0E-726F-456F-9B31-0260BA4021E4}.Ad-Hoc|Any CPU.Build.0 = Release|Any CPU
		{B4B5FA0E-726F-456F-9B31-0260BA4021E4}.Ad-Hoc|iPhone.ActiveCfg = Release|Any CPU
		{B4B5FA0E-726F-456F-9B31-0260BA4021E4}.Ad-Hoc|iPhone.Build.0 = Release|Any CPU
		{B4B5FA0E-726F-456F-9B31-0260BA4021E4}.Ad-Hoc|iPhoneSimulator.ActiveCfg = Release|Any CPU
		{B4B5FA0E-726F-456F-9B31-0260BA4021E4}.Ad-Hoc|iPhoneSimulator.Build.0 = Release|Any CPU
		{B4B5FA0E-726F-456F-9B31-0260BA4021E4}.AppStore|Any CPU.ActiveCfg = Release|Any CPU
		{B4B5FA0E-726F-456F-9B31-0260BA4021E4}.AppStore|Any CPU.Build.0 = Release|Any CPU
		{B4B5FA0E-726F-456F-9B31-0260BA4021E4}.AppStore|iPhone.ActiveCfg = Release|Any CPU
		{B4B5FA0E-726F-456F-9B31-0260BA4021E4}.AppStore|iPhone.Build.0 = Release|Any CPU
		{B4B5FA0E-726F-456F-9B31-0260BA4021E4}.AppStore|iPhoneSimulator.ActiveCfg = Release|Any CPU
		{B4B5FA0E-726F-456F-9B31-0260BA4021E4}.AppStore|iPhoneSimulator.Build.0 = Release|Any CPU
		{B4B5FA0E-726F-456F-9B31-0260BA4021E4}.Debug|Any CPU.ActiveCfg = Debug|Any CPU
		{B4B5FA0E-726F-456F-9B31-0260BA4021E4}.Debug|Any CPU.Build.0 = Debug|Any CPU
		{B4B5FA0E-726F-456F-9B31-0260BA4021E4}.Debug|iPhone.ActiveCfg = Debug|Any CPU
		{B4B5FA0E-726F-456F-9B31-0260BA4021E4}.Debug|iPhone.Build.0 = Debug|Any CPU
		{B4B5FA0E-726F-456F-9B31-0260BA4021E4}.Debug|iPhoneSimulator.ActiveCfg = Debug|Any CPU
		{B4B5FA0E-726F-456F-9B31-0260BA4021E4}.Debug|iPhoneSimulator.Build.0 = Debug|Any CPU
		{B4B5FA0E-726F-456F-9B31-0260BA4021E4}.Release|Any CPU.ActiveCfg = Release|Any CPU
		{B4B5FA0E-726F-456F-9B31-0260BA4021E4}.Release|Any CPU.Build.0 = Release|Any CPU
		{B4B5FA0E-726F-456F-9B31-0260BA4021E4}.Release|iPhone.ActiveCfg = Release|Any CPU
		{B4B5FA0E-726F-456F-9B31-0260BA4021E4}.Release|iPhone.Build.0 = Release|Any CPU
		{B4B5FA0E-726F-456F-9B31-0260BA4021E4}.Release|iPhoneSimulator.ActiveCfg = Release|Any CPU
		{B4B5FA0E-726F-456F-9B31-0260BA4021E4}.Release|iPhoneSimulator.Build.0 = Release|Any CPU
		{109B7211-908A-4EA8-B106-5C86E1E427BF}.Ad-Hoc|Any CPU.ActiveCfg = Release|Any CPU
		{109B7211-908A-4EA8-B106-5C86E1E427BF}.Ad-Hoc|Any CPU.Build.0 = Release|Any CPU
		{109B7211-908A-4EA8-B106-5C86E1E427BF}.Ad-Hoc|Any CPU.Deploy.0 = Release|Any CPU
		{109B7211-908A-4EA8-B106-5C86E1E427BF}.Ad-Hoc|iPhone.ActiveCfg = Release|Any CPU
		{109B7211-908A-4EA8-B106-5C86E1E427BF}.Ad-Hoc|iPhone.Build.0 = Release|Any CPU
		{109B7211-908A-4EA8-B106-5C86E1E427BF}.Ad-Hoc|iPhone.Deploy.0 = Release|Any CPU
		{109B7211-908A-4EA8-B106-5C86E1E427BF}.Ad-Hoc|iPhoneSimulator.ActiveCfg = Release|Any CPU
		{109B7211-908A-4EA8-B106-5C86E1E427BF}.Ad-Hoc|iPhoneSimulator.Build.0 = Release|Any CPU
		{109B7211-908A-4EA8-B106-5C86E1E427BF}.Ad-Hoc|iPhoneSimulator.Deploy.0 = Release|Any CPU
		{109B7211-908A-4EA8-B106-5C86E1E427BF}.AppStore|Any CPU.ActiveCfg = Release|Any CPU
		{109B7211-908A-4EA8-B106-5C86E1E427BF}.AppStore|Any CPU.Build.0 = Release|Any CPU
		{109B7211-908A-4EA8-B106-5C86E1E427BF}.AppStore|Any CPU.Deploy.0 = Release|Any CPU
		{109B7211-908A-4EA8-B106-5C86E1E427BF}.AppStore|iPhone.ActiveCfg = Release|Any CPU
		{109B7211-908A-4EA8-B106-5C86E1E427BF}.AppStore|iPhone.Build.0 = Release|Any CPU
		{109B7211-908A-4EA8-B106-5C86E1E427BF}.AppStore|iPhone.Deploy.0 = Release|Any CPU
		{109B7211-908A-4EA8-B106-5C86E1E427BF}.AppStore|iPhoneSimulator.ActiveCfg = Release|Any CPU
		{109B7211-908A-4EA8-B106-5C86E1E427BF}.AppStore|iPhoneSimulator.Build.0 = Release|Any CPU
		{109B7211-908A-4EA8-B106-5C86E1E427BF}.AppStore|iPhoneSimulator.Deploy.0 = Release|Any CPU
		{109B7211-908A-4EA8-B106-5C86E1E427BF}.Debug|Any CPU.ActiveCfg = Debug|Any CPU
		{109B7211-908A-4EA8-B106-5C86E1E427BF}.Debug|Any CPU.Build.0 = Debug|Any CPU
		{109B7211-908A-4EA8-B106-5C86E1E427BF}.Debug|Any CPU.Deploy.0 = Debug|Any CPU
		{109B7211-908A-4EA8-B106-5C86E1E427BF}.Debug|iPhone.ActiveCfg = Debug|Any CPU
		{109B7211-908A-4EA8-B106-5C86E1E427BF}.Debug|iPhone.Build.0 = Debug|Any CPU
		{109B7211-908A-4EA8-B106-5C86E1E427BF}.Debug|iPhone.Deploy.0 = Debug|Any CPU
		{109B7211-908A-4EA8-B106-5C86E1E427BF}.Debug|iPhoneSimulator.ActiveCfg = Debug|Any CPU
		{109B7211-908A-4EA8-B106-5C86E1E427BF}.Debug|iPhoneSimulator.Build.0 = Debug|Any CPU
		{109B7211-908A-4EA8-B106-5C86E1E427BF}.Debug|iPhoneSimulator.Deploy.0 = Debug|Any CPU
		{109B7211-908A-4EA8-B106-5C86E1E427BF}.Release|Any CPU.ActiveCfg = Release|Any CPU
		{109B7211-908A-4EA8-B106-5C86E1E427BF}.Release|Any CPU.Build.0 = Release|Any CPU
		{109B7211-908A-4EA8-B106-5C86E1E427BF}.Release|Any CPU.Deploy.0 = Release|Any CPU
		{109B7211-908A-4EA8-B106-5C86E1E427BF}.Release|iPhone.ActiveCfg = Release|Any CPU
		{109B7211-908A-4EA8-B106-5C86E1E427BF}.Release|iPhone.Build.0 = Release|Any CPU
		{109B7211-908A-4EA8-B106-5C86E1E427BF}.Release|iPhone.Deploy.0 = Release|Any CPU
		{109B7211-908A-4EA8-B106-5C86E1E427BF}.Release|iPhoneSimulator.ActiveCfg = Release|Any CPU
		{109B7211-908A-4EA8-B106-5C86E1E427BF}.Release|iPhoneSimulator.Build.0 = Release|Any CPU
		{109B7211-908A-4EA8-B106-5C86E1E427BF}.Release|iPhoneSimulator.Deploy.0 = Release|Any CPU
		{E16EA0ED-767B-4E3F-8B8E-2C609B77AC41}.Ad-Hoc|Any CPU.ActiveCfg = Ad-Hoc|iPhone
		{E16EA0ED-767B-4E3F-8B8E-2C609B77AC41}.Ad-Hoc|iPhone.ActiveCfg = Ad-Hoc|iPhone
		{E16EA0ED-767B-4E3F-8B8E-2C609B77AC41}.Ad-Hoc|iPhone.Build.0 = Ad-Hoc|iPhone
		{E16EA0ED-767B-4E3F-8B8E-2C609B77AC41}.Ad-Hoc|iPhoneSimulator.ActiveCfg = Ad-Hoc|iPhoneSimulator
		{E16EA0ED-767B-4E3F-8B8E-2C609B77AC41}.Ad-Hoc|iPhoneSimulator.Build.0 = Ad-Hoc|iPhoneSimulator
		{E16EA0ED-767B-4E3F-8B8E-2C609B77AC41}.AppStore|Any CPU.ActiveCfg = AppStore|iPhone
		{E16EA0ED-767B-4E3F-8B8E-2C609B77AC41}.AppStore|iPhone.ActiveCfg = AppStore|iPhone
		{E16EA0ED-767B-4E3F-8B8E-2C609B77AC41}.AppStore|iPhone.Build.0 = AppStore|iPhone
		{E16EA0ED-767B-4E3F-8B8E-2C609B77AC41}.AppStore|iPhoneSimulator.ActiveCfg = AppStore|iPhoneSimulator
		{E16EA0ED-767B-4E3F-8B8E-2C609B77AC41}.AppStore|iPhoneSimulator.Build.0 = AppStore|iPhoneSimulator
		{E16EA0ED-767B-4E3F-8B8E-2C609B77AC41}.Debug|Any CPU.ActiveCfg = Debug|iPhone
		{E16EA0ED-767B-4E3F-8B8E-2C609B77AC41}.Debug|iPhone.ActiveCfg = Debug|iPhone
		{E16EA0ED-767B-4E3F-8B8E-2C609B77AC41}.Debug|iPhone.Build.0 = Debug|iPhone
		{E16EA0ED-767B-4E3F-8B8E-2C609B77AC41}.Debug|iPhoneSimulator.ActiveCfg = Debug|iPhoneSimulator
		{E16EA0ED-767B-4E3F-8B8E-2C609B77AC41}.Debug|iPhoneSimulator.Build.0 = Debug|iPhoneSimulator
		{E16EA0ED-767B-4E3F-8B8E-2C609B77AC41}.Release|Any CPU.ActiveCfg = Release|iPhone
		{E16EA0ED-767B-4E3F-8B8E-2C609B77AC41}.Release|iPhone.ActiveCfg = Release|iPhone
		{E16EA0ED-767B-4E3F-8B8E-2C609B77AC41}.Release|iPhone.Build.0 = Release|iPhone
		{E16EA0ED-767B-4E3F-8B8E-2C609B77AC41}.Release|iPhoneSimulator.ActiveCfg = Release|iPhoneSimulator
		{E16EA0ED-767B-4E3F-8B8E-2C609B77AC41}.Release|iPhoneSimulator.Build.0 = Release|iPhoneSimulator
		{9016F4C0-6B04-44CF-A133-363B60CBB84B}.Ad-Hoc|Any CPU.ActiveCfg = Debug|Any CPU
		{9016F4C0-6B04-44CF-A133-363B60CBB84B}.Ad-Hoc|Any CPU.Build.0 = Debug|Any CPU
		{9016F4C0-6B04-44CF-A133-363B60CBB84B}.Ad-Hoc|iPhone.ActiveCfg = Debug|Any CPU
		{9016F4C0-6B04-44CF-A133-363B60CBB84B}.Ad-Hoc|iPhone.Build.0 = Debug|Any CPU
		{9016F4C0-6B04-44CF-A133-363B60CBB84B}.Ad-Hoc|iPhoneSimulator.ActiveCfg = Debug|Any CPU
		{9016F4C0-6B04-44CF-A133-363B60CBB84B}.Ad-Hoc|iPhoneSimulator.Build.0 = Debug|Any CPU
		{9016F4C0-6B04-44CF-A133-363B60CBB84B}.AppStore|Any CPU.ActiveCfg = Debug|Any CPU
		{9016F4C0-6B04-44CF-A133-363B60CBB84B}.AppStore|Any CPU.Build.0 = Debug|Any CPU
		{9016F4C0-6B04-44CF-A133-363B60CBB84B}.AppStore|iPhone.ActiveCfg = Debug|Any CPU
		{9016F4C0-6B04-44CF-A133-363B60CBB84B}.AppStore|iPhone.Build.0 = Debug|Any CPU
		{9016F4C0-6B04-44CF-A133-363B60CBB84B}.AppStore|iPhoneSimulator.ActiveCfg = Debug|Any CPU
		{9016F4C0-6B04-44CF-A133-363B60CBB84B}.AppStore|iPhoneSimulator.Build.0 = Debug|Any CPU
		{9016F4C0-6B04-44CF-A133-363B60CBB84B}.Debug|Any CPU.ActiveCfg = Debug|Any CPU
		{9016F4C0-6B04-44CF-A133-363B60CBB84B}.Debug|Any CPU.Build.0 = Debug|Any CPU
		{9016F4C0-6B04-44CF-A133-363B60CBB84B}.Debug|iPhone.ActiveCfg = Debug|Any CPU
		{9016F4C0-6B04-44CF-A133-363B60CBB84B}.Debug|iPhone.Build.0 = Debug|Any CPU
		{9016F4C0-6B04-44CF-A133-363B60CBB84B}.Debug|iPhoneSimulator.ActiveCfg = Debug|Any CPU
		{9016F4C0-6B04-44CF-A133-363B60CBB84B}.Debug|iPhoneSimulator.Build.0 = Debug|Any CPU
		{9016F4C0-6B04-44CF-A133-363B60CBB84B}.Release|Any CPU.ActiveCfg = Release|Any CPU
		{9016F4C0-6B04-44CF-A133-363B60CBB84B}.Release|Any CPU.Build.0 = Release|Any CPU
		{9016F4C0-6B04-44CF-A133-363B60CBB84B}.Release|iPhone.ActiveCfg = Release|Any CPU
		{9016F4C0-6B04-44CF-A133-363B60CBB84B}.Release|iPhone.Build.0 = Release|Any CPU
		{9016F4C0-6B04-44CF-A133-363B60CBB84B}.Release|iPhoneSimulator.ActiveCfg = Release|Any CPU
		{9016F4C0-6B04-44CF-A133-363B60CBB84B}.Release|iPhoneSimulator.Build.0 = Release|Any CPU
		{68D92E4E-69A8-412E-B554-756C3A26CAAF}.Ad-Hoc|Any CPU.ActiveCfg = Release|Any CPU
		{68D92E4E-69A8-412E-B554-756C3A26CAAF}.Ad-Hoc|Any CPU.Build.0 = Release|Any CPU
		{68D92E4E-69A8-412E-B554-756C3A26CAAF}.Ad-Hoc|iPhone.ActiveCfg = Release|Any CPU
		{68D92E4E-69A8-412E-B554-756C3A26CAAF}.Ad-Hoc|iPhone.Build.0 = Release|Any CPU
		{68D92E4E-69A8-412E-B554-756C3A26CAAF}.Ad-Hoc|iPhoneSimulator.ActiveCfg = Release|Any CPU
		{68D92E4E-69A8-412E-B554-756C3A26CAAF}.Ad-Hoc|iPhoneSimulator.Build.0 = Release|Any CPU
		{68D92E4E-69A8-412E-B554-756C3A26CAAF}.AppStore|Any CPU.ActiveCfg = Release|Any CPU
		{68D92E4E-69A8-412E-B554-756C3A26CAAF}.AppStore|Any CPU.Build.0 = Release|Any CPU
		{68D92E4E-69A8-412E-B554-756C3A26CAAF}.AppStore|iPhone.ActiveCfg = Release|Any CPU
		{68D92E4E-69A8-412E-B554-756C3A26CAAF}.AppStore|iPhone.Build.0 = Release|Any CPU
		{68D92E4E-69A8-412E-B554-756C3A26CAAF}.AppStore|iPhoneSimulator.ActiveCfg = Release|Any CPU
		{68D92E4E-69A8-412E-B554-756C3A26CAAF}.AppStore|iPhoneSimulator.Build.0 = Release|Any CPU
		{68D92E4E-69A8-412E-B554-756C3A26CAAF}.Debug|Any CPU.ActiveCfg = Debug|Any CPU
		{68D92E4E-69A8-412E-B554-756C3A26CAAF}.Debug|Any CPU.Build.0 = Debug|Any CPU
		{68D92E4E-69A8-412E-B554-756C3A26CAAF}.Debug|iPhone.ActiveCfg = Debug|Any CPU
		{68D92E4E-69A8-412E-B554-756C3A26CAAF}.Debug|iPhone.Build.0 = Debug|Any CPU
		{68D92E4E-69A8-412E-B554-756C3A26CAAF}.Debug|iPhoneSimulator.ActiveCfg = Debug|Any CPU
		{68D92E4E-69A8-412E-B554-756C3A26CAAF}.Debug|iPhoneSimulator.Build.0 = Debug|Any CPU
		{68D92E4E-69A8-412E-B554-756C3A26CAAF}.Release|Any CPU.ActiveCfg = Release|Any CPU
		{68D92E4E-69A8-412E-B554-756C3A26CAAF}.Release|Any CPU.Build.0 = Release|Any CPU
		{68D92E4E-69A8-412E-B554-756C3A26CAAF}.Release|iPhone.ActiveCfg = Release|Any CPU
		{68D92E4E-69A8-412E-B554-756C3A26CAAF}.Release|iPhone.Build.0 = Release|Any CPU
		{68D92E4E-69A8-412E-B554-756C3A26CAAF}.Release|iPhoneSimulator.ActiveCfg = Release|Any CPU
		{68D92E4E-69A8-412E-B554-756C3A26CAAF}.Release|iPhoneSimulator.Build.0 = Release|Any CPU
	EndGlobalSection
	GlobalSection(SolutionProperties) = preSolution
		HideSolutionNode = FALSE
	EndGlobalSection
	GlobalSection(ExtensibilityGlobals) = postSolution
		SolutionGuid = {DB92E8B4-7934-4D01-BA0A-20FEE6BC8381}
	EndGlobalSection
EndGlobal
